
Microsoft Visual Studio Solution File, Format Version 12.00
# Visual Studio 14
VisualStudioVersion = 14.0.23107.0
MinimumVisualStudioVersion = 10.0.40219.1
Project("{8BC9CEB8-8B4A-11D0-8D11-00A0C91BC942}") = "Launcher", "SurvivalGame\SurvivalGame.vcxproj", "{A433B33D-5376-460E-ADEE-4DBE66F5758F}"
EndProject
Project("{8BC9CEB8-8B4A-11D0-8D11-00A0C91BC942}") = "HHEngine32", "HHEngine32\HHEngine32.vcxproj", "{0BF5E9A7-116C-4D81-9BB7-1631D32A3D75}"
EndProject
Project("{8BC9CEB8-8B4A-11D0-8D11-00A0C91BC942}") = "GameModule", "GameModule\GameModule.vcxproj", "{234E92C8-1DF7-4031-A496-FE108865B857}"
EndProject
Global
	GlobalSection(SolutionConfigurationPlatforms) = preSolution
		Debug|x64 = Debug|x64
		Debug|x86 = Debug|x86
		Release|x64 = Release|x64
		Release|x86 = Release|x86
	EndGlobalSection
	GlobalSection(ProjectConfigurationPlatforms) = postSolution
		{A433B33D-5376-460E-ADEE-4DBE66F5758F}.Debug|x64.ActiveCfg = Debug|x64
		{A433B33D-5376-460E-ADEE-4DBE66F5758F}.Debug|x64.Build.0 = Debug|x64
		{A433B33D-5376-460E-ADEE-4DBE66F5758F}.Debug|x86.ActiveCfg = Debug|Win32
		{A433B33D-5376-460E-ADEE-4DBE66F5758F}.Debug|x86.Build.0 = Debug|Win32
		{A433B33D-5376-460E-ADEE-4DBE66F5758F}.Release|x64.ActiveCfg = Release|x64
		{A433B33D-5376-460E-ADEE-4DBE66F5758F}.Release|x64.Build.0 = Release|x64
		{A433B33D-5376-460E-ADEE-4DBE66F5758F}.Release|x86.ActiveCfg = Release|Win32
		{A433B33D-5376-460E-ADEE-4DBE66F5758F}.Release|x86.Build.0 = Release|Win32
		{0BF5E9A7-116C-4D81-9BB7-1631D32A3D75}.Debug|x64.ActiveCfg = Debug|x64
		{0BF5E9A7-116C-4D81-9BB7-1631D32A3D75}.Debug|x64.Build.0 = Debug|x64
		{0BF5E9A7-116C-4D81-9BB7-1631D32A3D75}.Debug|x86.ActiveCfg = Debug|Win32
		{0BF5E9A7-116C-4D81-9BB7-1631D32A3D75}.Debug|x86.Build.0 = Debug|Win32
		{0BF5E9A7-116C-4D81-9BB7-1631D32A3D75}.Release|x64.ActiveCfg = Release|x64
		{0BF5E9A7-116C-4D81-9BB7-1631D32A3D75}.Release|x64.Build.0 = Release|x64
		{0BF5E9A7-116C-4D81-9BB7-1631D32A3D75}.Release|x86.ActiveCfg = Release|Win32
		{0BF5E9A7-116C-4D81-9BB7-1631D32A3D75}.Release|x86.Build.0 = Release|Win32
		{234E92C8-1DF7-4031-A496-FE108865B857}.Debug|x64.ActiveCfg = Debug|x64
		{234E92C8-1DF7-4031-A496-FE108865B857}.Debug|x64.Build.0 = Debug|x64
		{234E92C8-1DF7-4031-A496-FE108865B857}.Debug|x86.ActiveCfg = Debug|Win32
		{234E92C8-1DF7-4031-A496-FE108865B857}.Debug|x86.Build.0 = Debug|Win32
		{234E92C8-1DF7-4031-A496-FE108865B857}.Release|x64.ActiveCfg = Release|x64
		{234E92C8-1DF7-4031-A496-FE108865B857}.Release|x64.Build.0 = Release|x64
		{234E92C8-1DF7-4031-A496-FE108865B857}.Release|x86.ActiveCfg = Release|Win32
		{234E92C8-1DF7-4031-A496-FE108865B857}.Release|x86.Build.0 = Release|Win32
	EndGlobalSection
	GlobalSection(SolutionProperties) = preSolution
		HideSolutionNode = FALSE
	EndGlobalSection
EndGlobal
