<?xml version="1.0" encoding="utf-8"?>
<Project ToolsVersion="4.0" xmlns="http://schemas.microsoft.com/developer/msbuild/2003">
  <ItemGroup>
    <Filter Include="Source Files">
      <UniqueIdentifier>{4FC737F1-C7A5-4376-A066-2A32D752A2FF}</UniqueIdentifier>
      <Extensions>cpp;c;cc;cxx;def;odl;idl;hpj;bat;asm;asmx</Extensions>
    </Filter>
    <Filter Include="Header Files">
      <UniqueIdentifier>{93995380-89BD-4b04-88EB-625FBE52EBFB}</UniqueIdentifier>
      <Extensions>h;hh;hpp;hxx;hm;inl;inc;xsd</Extensions>
    </Filter>
    <Filter Include="Resource Files">
      <UniqueIdentifier>{67DA6AB6-F800-4c08-8B7A-83BB121AAD01}</UniqueIdentifier>
      <Extensions>rc;ico;cur;bmp;dlg;rc2;rct;bin;rgs;gif;jpg;jpeg;jpe;resx;tiff;tif;png;wav;mfcribbon-ms</Extensions>
    </Filter>
    <Filter Include="Interfaces">
      <UniqueIdentifier>{5a7fa9c7-24c9-4089-870c-3c44001021a8}</UniqueIdentifier>
    </Filter>
    <Filter Include="Source Files\Environment">
      <UniqueIdentifier>{1deb82cc-016a-4737-9760-22b601066058}</UniqueIdentifier>
    </Filter>
    <Filter Include="Source Files\Rendering">
      <UniqueIdentifier>{d3d3948e-4569-4679-bb02-6f5db77ce0ac}</UniqueIdentifier>
    </Filter>
    <Filter Include="Source Files\Shaders">
      <UniqueIdentifier>{015e508b-67eb-44e0-83c0-745b4e64619b}</UniqueIdentifier>
    </Filter>
    <Filter Include="Source Files\Shaders\src">
      <UniqueIdentifier>{e77d5f53-2a2b-4d9c-b62e-f69cb8e64340}</UniqueIdentifier>
    </Filter>
    <Filter Include="Source Files\System">
      <UniqueIdentifier>{53174960-de14-437c-8709-c7013cfc564b}</UniqueIdentifier>
    </Filter>
    <Filter Include="Source Files\Utils">
      <UniqueIdentifier>{f0322f1e-7bc4-480c-93e9-ca27e04c45a1}</UniqueIdentifier>
    </Filter>
    <Filter Include="Source Files\System\Input">
      <UniqueIdentifier>{4a7c7e8b-b853-45e5-b9dc-f30fea9f3293}</UniqueIdentifier>
    </Filter>
    <Filter Include="Source Files\Rendering\Lights">
      <UniqueIdentifier>{cf07da83-bbe9-48c9-bc87-ae4a95100f1c}</UniqueIdentifier>
    </Filter>
  </ItemGroup>
  <ItemGroup>
    <ClInclude Include="stdafx.h">
      <Filter>Header Files</Filter>
    </ClInclude>
    <ClInclude Include="targetver.h">
      <Filter>Header Files</Filter>
    </ClInclude>
    <ClInclude Include="IInputListener.h">
      <Filter>Interfaces</Filter>
    </ClInclude>
    <ClInclude Include="ILight.h">
      <Filter>Interfaces</Filter>
    </ClInclude>
    <ClInclude Include="IMesh.h">
      <Filter>Interfaces</Filter>
    </ClInclude>
    <ClInclude Include="IShader.h">
      <Filter>Interfaces</Filter>
    </ClInclude>
    <ClInclude Include="ITexture.h">
      <Filter>Interfaces</Filter>
    </ClInclude>
    <ClInclude Include="lodepng.h">
      <Filter>Source Files\Utils</Filter>
    </ClInclude>
    <ClInclude Include="tiny_obj_loader.h">
      <Filter>Source Files\Utils</Filter>
    </ClInclude>
    <ClInclude Include="Utils.hpp">
      <Filter>Source Files\Utils</Filter>
    </ClInclude>
    <ClInclude Include="Input.h">
      <Filter>Source Files\System\Input</Filter>
    </ClInclude>
    <ClInclude Include="Engine.h">
      <Filter>Source Files\System</Filter>
    </ClInclude>
    <ClInclude Include="FboTexture.h">
      <Filter>Source Files\System</Filter>
    </ClInclude>
    <ClInclude Include="MeshSystem.h">
      <Filter>Source Files\System</Filter>
    </ClInclude>
    <ClInclude Include="StaticMesh.h">
      <Filter>Source Files\System</Filter>
    </ClInclude>
    <ClInclude Include="Texture.h">
      <Filter>Source Files\System</Filter>
    </ClInclude>
    <ClInclude Include="GBuffer.h">
      <Filter>Source Files\Rendering</Filter>
    </ClInclude>
    <ClInclude Include="Renderer.h">
      <Filter>Source Files\Rendering</Filter>
    </ClInclude>
    <ClInclude Include="SkyBox.h">
      <Filter>Source Files\Rendering</Filter>
    </ClInclude>
    <ClInclude Include="RadianceGen.h">
      <Filter>Source Files\Shaders</Filter>
    </ClInclude>
    <ClInclude Include="SSAO.h">
      <Filter>Source Files\Shaders</Filter>
    </ClInclude>
    <ClInclude Include="Sun.h">
      <Filter>Source Files\Environment</Filter>
    </ClInclude>
    <ClInclude Include="RenderWindow.h">
      <Filter>Source Files\Rendering</Filter>
    </ClInclude>
    <ClInclude Include="GlobalSystem.h">
      <Filter>Source Files\System</Filter>
    </ClInclude>
    <ClInclude Include="ICamera.h">
      <Filter>Interfaces</Filter>
    </ClInclude>
    <ClInclude Include="CameraSystem.h">
      <Filter>Source Files\System</Filter>
    </ClInclude>
    <ClInclude Include="Shader.h">
      <Filter>Source Files\System</Filter>
    </ClInclude>
    <ClInclude Include="main.h">
      <Filter>Source Files</Filter>
    </ClInclude>
    <ClInclude Include="resource.h">
      <Filter>Header Files</Filter>
    </ClInclude>
    <ClInclude Include="ShadowGen.h">
      <Filter>Source Files\Rendering</Filter>
    </ClInclude>
    <ClInclude Include="PointLight.h">
      <Filter>Source Files\Rendering\Lights</Filter>
    </ClInclude>
    <ClInclude Include="LightSystem.h">
      <Filter>Source Files\Rendering\Lights</Filter>
    </ClInclude>
    <ClInclude Include="EnvironmentProbe.h">
      <Filter>Source Files\Rendering\Lights</Filter>
    </ClInclude>
  </ItemGroup>
  <ItemGroup>
    <ClCompile Include="stdafx.cpp">
      <Filter>Source Files</Filter>
    </ClCompile>
    <ClCompile Include="HHEngine32.cpp">
      <Filter>Source Files</Filter>
    </ClCompile>
    <ClCompile Include="dllmain.cpp">
      <Filter>Source Files</Filter>
    </ClCompile>
    <ClCompile Include="Input.cpp">
      <Filter>Source Files\System\Input</Filter>
    </ClCompile>
    <ClCompile Include="lodepng.cpp">
      <Filter>Source Files\Utils</Filter>
    </ClCompile>
    <ClCompile Include="Pipeline.cc">
      <Filter>Source Files\Utils</Filter>
    </ClCompile>
    <ClCompile Include="tiny_obj_loader.cc">
      <Filter>Source Files\Utils</Filter>
    </ClCompile>
    <ClCompile Include="Engine.cpp">
      <Filter>Source Files\System</Filter>
    </ClCompile>
    <ClCompile Include="FboTexture.cpp">
      <Filter>Source Files\System</Filter>
    </ClCompile>
    <ClCompile Include="MeshSystem.cpp">
      <Filter>Source Files\System</Filter>
    </ClCompile>
    <ClCompile Include="StaticMesh.cpp">
      <Filter>Source Files\System</Filter>
    </ClCompile>
    <ClCompile Include="Texture.cpp">
      <Filter>Source Files\System</Filter>
    </ClCompile>
    <ClCompile Include="GBuffer.cpp">
      <Filter>Source Files\Rendering</Filter>
    </ClCompile>
    <ClCompile Include="Renderer.cpp">
      <Filter>Source Files\Rendering</Filter>
    </ClCompile>
    <ClCompile Include="SkyBox.cpp">
      <Filter>Source Files\Rendering</Filter>
    </ClCompile>
    <ClCompile Include="RadianceGen.cpp">
      <Filter>Source Files\Shaders</Filter>
    </ClCompile>
    <ClCompile Include="SSAO.cpp">
      <Filter>Source Files\Shaders</Filter>
    </ClCompile>
    <ClCompile Include="Sun.cpp">
      <Filter>Source Files\Environment</Filter>
    </ClCompile>
    <ClCompile Include="RenderWindow.cpp">
      <Filter>Source Files\Rendering</Filter>
    </ClCompile>
    <ClCompile Include="GlobalSystem.cpp">
      <Filter>Source Files\System</Filter>
    </ClCompile>
    <ClCompile Include="CameraSystem.cpp">
      <Filter>Source Files\System</Filter>
    </ClCompile>
    <ClCompile Include="Shader.cpp">
      <Filter>Source Files\System</Filter>
    </ClCompile>
    <ClCompile Include="main.cpp">
      <Filter>Source Files</Filter>
    </ClCompile>
    <ClCompile Include="ShadowGen.cpp">
      <Filter>Source Files\Rendering</Filter>
    </ClCompile>
    <ClCompile Include="PointLight.cpp">
      <Filter>Source Files\Rendering\Lights</Filter>
    </ClCompile>
    <ClCompile Include="LightSystem.cpp">
      <Filter>Source Files\Rendering\Lights</Filter>
    </ClCompile>
    <ClCompile Include="EnvironmentProbe.cpp">
      <Filter>Source Files\Rendering\Lights</Filter>
    </ClCompile>
  </ItemGroup>
  <ItemGroup>
    <Text Include="..\SurvivalGame\data\basic.fx">
      <Filter>Source Files\Shaders\src</Filter>
    </Text>
    <Text Include="..\SurvivalGame\data\final.fx">
      <Filter>Source Files\Shaders\src</Filter>
    </Text>
    <Text Include="..\SurvivalGame\data\null.fx">
      <Filter>Source Files\Shaders\src</Filter>
    </Text>
    <Text Include="..\SurvivalGame\data\pointlight.fx">
      <Filter>Source Files\Shaders\src</Filter>
    </Text>
    <Text Include="..\SurvivalGame\data\radiance_final.fx">
      <Filter>Source Files\Shaders\src</Filter>
    </Text>
    <Text Include="..\SurvivalGame\data\skybox.fx">
      <Filter>Source Files\Shaders\src</Filter>
    </Text>
    <Text Include="..\SurvivalGame\data\ssao.fx">
      <Filter>Source Files\Shaders\src</Filter>
    </Text>
    <Text Include="..\SurvivalGame\data\terrain.fx">
      <Filter>Source Files\Shaders\src</Filter>
    </Text>
    <Text Include="..\SurvivalGame\data\water.fx">
      <Filter>Source Files\Shaders\src</Filter>
    </Text>
    <Text Include="..\SurvivalGame\data\shadowmaps.fx">
      <Filter>Source Files\Shaders\src</Filter>
    </Text>
  </ItemGroup>
  <ItemGroup>
    <ResourceCompile Include="HHEngine32.rc">
      <Filter>Resource Files</Filter>
    </ResourceCompile>
  </ItemGroup>
  <ItemGroup>
    <None Include="ClassDiagram.cd" />
  </ItemGroup>
</Project>